# This file is autogenerated, do not edit; changes may be undone by the next 'dep ensure'.


[[projects]]
  name = "github.com/StackExchange/wmi"
  packages = ["."]
  revision = "5d049714c4a64225c3c79a7cf7d02f7fb5b96338"
  version = "1.0.0"

[[projects]]
  name = "github.com/go-ole/go-ole"
  packages = [
    ".",
    "oleutil"
  ]
  revision = "a41e3c4b706f6ae8dfbff342b06e40fa4d2d0506"
  version = "v1.2.1"

[[projects]]
  branch = "master"
  name = "github.com/mostlygeek/arp"
  packages = ["."]
  revision = "541a2129847a674f55f3cb2915279009e7b7bcb1"

[[projects]]
  name = "github.com/shirou/gopsutil"
  packages = [
    "cpu",
    "internal/common"
  ]
  revision = "5776ff9c7c5d063d574ef53d740f75c68b448e53"
  version = "v2.18.02"

[[projects]]
  branch = "master"
  name = "golang.org/x/sync"
  packages = ["singleflight"]
  revision = "fd80eb99c8f653c847d294a001bdf2a3a6f768f5"

[[projects]]
  branch = "master"
  name = "golang.org/x/sys"
  packages = [
    "unix",
    "windows"
  ]
  revision = "7dca6fe1f43775aa6d1334576870ff63f978f539"

[solve-meta]
  analyzer-name = "dep"
  analyzer-version = 1
  inputs-digest = "c807d03376134c08aeed05673bc9387cdfb9ccf6a32dda3a9f7902a56e8b869b"
  solver-name = "gps-cdcl"
  solver-version = 1
